
Microsoft Visual Studio Solution File, Format Version 12.00
# Visual Studio 14
VisualStudioVersion = 14.0.25123.0
MinimumVisualStudioVersion = 10.0.40219.1
Project("{FAE04EC0-301F-11D3-BF4B-00C04F79EFBC}") = "StorageManagement", "StorageManagement\StorageManagement.csproj", "{657AB5C6-5D64-4D11-9F2D-8CD69BFFDBF3}"
EndProject
Project("{FAE04EC0-301F-11D3-BF4B-00C04F79EFBC}") = "StorageManagement.DataAccess", "StorageManagement.Model\StorageManagement.DataAccess.csproj", "{37AAF4E9-F7BE-494F-B4CC-529A32CABDE0}"
EndProject
Project("{FAE04EC0-301F-11D3-BF4B-00C04F79EFBC}") = "StorageManagement.DB", "StorageManagement.DB\StorageManagement.DB.csproj", "{844E0C95-2DF7-43F0-B0C3-CF2BFBCE0C2F}"
EndProject
Project("{FAE04EC0-301F-11D3-BF4B-00C04F79EFBC}") = "StorageManagement.Service", "StorageManagement.Service\StorageManagement.Service.csproj", "{564B25D9-37C5-421D-BFE6-EB93BC7C86F2}"
EndProject
Global
	GlobalSection(SolutionConfigurationPlatforms) = preSolution
		Debug|Any CPU = Debug|Any CPU
		Release|Any CPU = Release|Any CPU
	EndGlobalSection
	GlobalSection(ProjectConfigurationPlatforms) = postSolution
		{657AB5C6-5D64-4D11-9F2D-8CD69BFFDBF3}.Debug|Any CPU.ActiveCfg = Debug|Any CPU
		{657AB5C6-5D64-4D11-9F2D-8CD69BFFDBF3}.Debug|Any CPU.Build.0 = Debug|Any CPU
		{657AB5C6-5D64-4D11-9F2D-8CD69BFFDBF3}.Release|Any CPU.ActiveCfg = Release|Any CPU
		{657AB5C6-5D64-4D11-9F2D-8CD69BFFDBF3}.Release|Any CPU.Build.0 = Release|Any CPU
		{37AAF4E9-F7BE-494F-B4CC-529A32CABDE0}.Debug|Any CPU.ActiveCfg = Debug|Any CPU
		{37AAF4E9-F7BE-494F-B4CC-529A32CABDE0}.Debug|Any CPU.Build.0 = Debug|Any CPU
		{37AAF4E9-F7BE-494F-B4CC-529A32CABDE0}.Release|Any CPU.ActiveCfg = Release|Any CPU
		{37AAF4E9-F7BE-494F-B4CC-529A32CABDE0}.Release|Any CPU.Build.0 = Release|Any CPU
		{844E0C95-2DF7-43F0-B0C3-CF2BFBCE0C2F}.Debug|Any CPU.ActiveCfg = Debug|Any CPU
		{844E0C95-2DF7-43F0-B0C3-CF2BFBCE0C2F}.Debug|Any CPU.Build.0 = Debug|Any CPU
		{844E0C95-2DF7-43F0-B0C3-CF2BFBCE0C2F}.Release|Any CPU.ActiveCfg = Release|Any CPU
		{844E0C95-2DF7-43F0-B0C3-CF2BFBCE0C2F}.Release|Any CPU.Build.0 = Release|Any CPU
		{564B25D9-37C5-421D-BFE6-EB93BC7C86F2}.Debug|Any CPU.ActiveCfg = Debug|Any CPU
		{564B25D9-37C5-421D-BFE6-EB93BC7C86F2}.Debug|Any CPU.Build.0 = Debug|Any CPU
		{564B25D9-37C5-421D-BFE6-EB93BC7C86F2}.Release|Any CPU.ActiveCfg = Release|Any CPU
		{564B25D9-37C5-421D-BFE6-EB93BC7C86F2}.Release|Any CPU.Build.0 = Release|Any CPU
	EndGlobalSection
	GlobalSection(SolutionProperties) = preSolution
		HideSolutionNode = FALSE
	EndGlobalSection
EndGlobal
